<Solution>
  <Project Path="BudgetGameDev.Games.Brocoli.csproj" />
  <Project Path="BudgetGameDev.Games.Brocoli.Tests.csproj" />
  <Project Path="BudgetGameDev.Hub.csproj" />
  <Project Path="BudgetGameDev.Shared.csproj" />
  <Project Path="Assembly-CSharp-Editor.csproj" />
  <Project Path="BudgetGameDev.Shared.Editor.csproj" />
  <Project Path="BudgetGameDev.Hub.Editor.csproj" />
  <Project Path="BudgetGameDev.Games.Brocoli.Editor.csproj" />
  <Project Path="BudgetGameDev.Shared.Tests.csproj" />
</Solution>
