<Solution>
  <Project Path="BudgetGameDev.Shared.csproj" />
  <Project Path="BudgetGameDev.Games.Brocoli.csproj" />
  <Project Path="BudgetGameDev.Autoplay.Brocoli.csproj" />
  <Project Path="BudgetGameDev.Games.Brocoli.Tests.csproj" />
  <Project Path="BudgetGameDev.Hub.Tests.csproj" />
  <Project Path="BudgetGameDev.Shared.Tests.csproj" />
  <Project Path="BudgetGameDev.Autoplay.csproj" />
  <Project Path="BudgetGameDev.Hub.csproj" />
  <Project Path="BudgetGameDev.Autoplay.Brocoli.Editor.csproj" />
  <Project Path="BudgetGameDev.Games.Brocoli.Editor.csproj" />
  <Project Path="BudgetGameDev.Autoplay.Tests.csproj" />
  <Project Path="BudgetGameDev.Shared.Rendering.HighDefinition.Tests.csproj" />
  <Project Path="Assembly-CSharp-Editor.csproj" />
  <Project Path="BudgetGameDev.Shared.Editor.csproj" />
  <Project Path="BudgetGameDev.Shared.Rendering.HighDefinition.csproj" />
  <Project Path="BudgetGameDev.Hub.Editor.csproj" />
  <Project Path="BudgetGameDev.Shared.Rendering.Universal.csproj" />
</Solution>
